
Microsoft Visual Studio Solution File, Format Version 12.00
# Visual Studio Version 16
VisualStudioVersion = 16.0.31005.135
MinimumVisualStudioVersion = 10.0.40219.1
Project("{FAE04EC0-301F-11D3-BF4B-00C04F79EFBC}") = "WPC Interface", "WPC Interface.csproj", "{C54743F3-9C10-4982-B4E3-CE34A53DFE05}"
EndProject
Global
	GlobalSection(SolutionConfigurationPlatforms) = preSolution
		Debug|Any CPU = Debug|Any CPU
		Release|Any CPU = Release|Any CPU
	EndGlobalSection
	GlobalSection(ProjectConfigurationPlatforms) = postSolution
		{C54743F3-9C10-4982-B4E3-CE34A53DFE05}.Debug|Any CPU.ActiveCfg = Debug|Any CPU
		{C54743F3-9C10-4982-B4E3-CE34A53DFE05}.Debug|Any CPU.Build.0 = Debug|Any CPU
		{C54743F3-9C10-4982-B4E3-CE34A53DFE05}.Release|Any CPU.ActiveCfg = Release|Any CPU
		{C54743F3-9C10-4982-B4E3-CE34A53DFE05}.Release|Any CPU.Build.0 = Release|Any CPU
	EndGlobalSection
	GlobalSection(SolutionProperties) = preSolution
		HideSolutionNode = FALSE
	EndGlobalSection
	GlobalSection(ExtensibilityGlobals) = postSolution
		SolutionGuid = {8F89F6F1-E7BE-4F9B-8FF0-28C8FFC55CF7}
	EndGlobalSection
EndGlobal
